Microsoft Visual Studio Solution File, Format Version 12.00
# Visual Studio Version 17
VisualStudioVersion = 17.5.2.0
MinimumVisualStudioVersion = 10.0.40219.1
Project("{FAE04EC0-301F-11D3-BF4B-00C04F79EFBC}") = "ASIGNAR_SubscriptionSystem", "ASIGNAR_SubscriptionSystem.csproj", "{1F3BF73C-A04A-3145-DB20-B2D7E20FA313}"
EndProject
Global
	GlobalSection(SolutionConfigurationPlatforms) = preSolution
		Debug|Any CPU = Debug|Any CPU
		Release|Any CPU = Release|Any CPU
	EndGlobalSection
	GlobalSection(ProjectConfigurationPlatforms) = postSolution
		{1F3BF73C-A04A-3145-DB20-B2D7E20FA313}.Debug|Any CPU.ActiveCfg = Debug|Any CPU
		{1F3BF73C-A04A-3145-DB20-B2D7E20FA313}.Debug|Any CPU.Build.0 = Debug|Any CPU
		{1F3BF73C-A04A-3145-DB20-B2D7E20FA313}.Release|Any CPU.ActiveCfg = Release|Any CPU
		{1F3BF73C-A04A-3145-DB20-B2D7E20FA313}.Release|Any CPU.Build.0 = Release|Any CPU
	EndGlobalSection
	GlobalSection(SolutionProperties) = preSolution
		HideSolutionNode = FALSE
	EndGlobalSection
	GlobalSection(ExtensibilityGlobals) = postSolution
		SolutionGuid = {18D6EB6B-56EE-429A-8CD6-BD5E0B8FAE91}
	EndGlobalSection
EndGlobal
